// !$*UTF8*$!
{
	archiveVersion = 1;
	classes = {
	};
	objectVersion = 46;
	objects = {

/* Begin PBXBuildFile section */
		DF9337981EF8A6D000FD4CCE /* main.m in Sources */ = {isa = PBXBuildFile; fileRef = DF9337971EF8A6D000FD4CCE /* main.m */; };
		DF93379B1EF8A6D000FD4CCE /* AppDelegate.m in Sources */ = {isa = PBXBuildFile; fileRef = DF93379A1EF8A6D000FD4CCE /* AppDelegate.m */; };
		DF93379E1EF8A6D000FD4CCE /* ViewController.m in Sources */ = {isa = PBXBuildFile; fileRef = DF93379D1EF8A6D000FD4CCE /* ViewController.m */; };
		DF9337A11EF8A6D000FD4CCE /* Main.storyboard in Resources */ = {isa = PBXBuildFile; fileRef = DF93379F1EF8A6D000FD4CCE /* Main.storyboard */; };
		DF9337A41EF8A6D000FD4CCE /* Runloop.xcdatamodeld in Sources */ = {isa = PBXBuildFile; fileRef = DF9337A21EF8A6D000FD4CCE /* Runloop.xcdatamodeld */; };
		DF9337A61EF8A6D000FD4CCE /* Assets.xcassets in Resources */ = {isa = PBXBuildFile; fileRef = DF9337A51EF8A6D000FD4CCE /* Assets.xcassets */; };
		DF9337A91EF8A6D000FD4CCE /* LaunchScreen.storyboard in Resources */ = {isa = PBXBuildFile; fileRef = DF9337A71EF8A6D000FD4CCE /* LaunchScreen.storyboard */; };
		DF9337B41EF8A6D000FD4CCE /* RunloopTests.m in Sources */ = {isa = PBXBuildFile; fileRef = DF9337B31EF8A6D000FD4CCE /* RunloopTests.m */; };
		DF9337BF1EF8A6D000FD4CCE /* RunloopUITests.m in Sources */ = {isa = PBXBuildFile; fileRef = DF9337BE1EF8A6D000FD4CCE /* RunloopUITests.m */; };
/* End PBXBuildFile section */

/* Begin PBXContainerItemProxy section */
		DF9337B01EF8A6D000FD4CCE /* PBXContainerItemProxy */ = {
			isa = PBXContainerItemProxy;
			containerPortal = DF93378B1EF8A6D000FD4CCE /* Project object */;
			proxyType = 1;
			remoteGlobalIDString = DF9337921EF8A6D000FD4CCE;
			remoteInfo = Runloop;
		};
		DF9337BB1EF8A6D000FD4CCE /* PBXContainerItemProxy */ = {
			isa = PBXContainerItemProxy;
			containerPortal = DF93378B1EF8A6D000FD4CCE /* Project object */;
			proxyType = 1;
			remoteGlobalIDString = DF9337921EF8A6D000FD4CCE;
			remoteInfo = Runloop;
		};
/* End PBXContainerItemProxy section */

/* Begin PBXFileReference section */
		DF9337931EF8A6D000FD4CCE /* Runloop.app */ = {isa = PBXFileReference; explicitFileType = wrapper.application; includeInIndex = 0; path = Runloop.app; sourceTree = BUILT_PRODUCTS_DIR; };
		DF9337971EF8A6D000FD4CCE /* main.m */ = {isa = PBXFileReference; lastKnownFileType = sourcecode.c.objc; path = main.m; sourceTree = "<group>"; };
		DF9337991EF8A6D000FD4CCE /* AppDelegate.h */ = {isa = PBXFileReference; lastKnownFileType = sourcecode.c.h; path = AppDelegate.h; sourceTree = "<group>"; };
		DF93379A1EF8A6D000FD4CCE /* AppDelegate.m */ = {isa = PBXFileReference; lastKnownFileType = sourcecode.c.objc; path = AppDelegate.m; sourceTree = "<group>"; };
		DF93379C1EF8A6D000FD4CCE /* ViewController.h */ = {isa = PBXFileReference; lastKnownFileType = sourcecode.c.h; path = ViewController.h; sourceTree = "<group>"; };
		DF93379D1EF8A6D000FD4CCE /* ViewController.m */ = {isa = PBXFileReference; lastKnownFileType = sourcecode.c.objc; path = ViewController.m; sourceTree = "<group>"; };
		DF9337A01EF8A6D000FD4CCE /* Base */ = {isa = PBXFileReference; lastKnownFileType = file.storyboard; name = Base; path = Base.lproj/Main.storyboard; sourceTree = "<group>"; };
		DF9337A31EF8A6D000FD4CCE /* Runloop.xcdatamodel */ = {isa = PBXFileReference; lastKnownFileType = wrapper.xcdatamodel; path = Runloop.xcdatamodel; sourceTree = "<group>"; };
		DF9337A51EF8A6D000FD4CCE /* Assets.xcassets */ = {isa = PBXFileReference; lastKnownFileType = folder.assetcatalog; path = Assets.xcassets; sourceTree = "<group>"; };
		DF9337A81EF8A6D000FD4CCE /* Base */ = {isa = PBXFileReference; lastKnownFileType = file.storyboard; name = Base; path = Base.lproj/LaunchScreen.storyboard; sourceTree = "<group>"; };
		DF9337AA1EF8A6D000FD4CCE /* Info.plist */ = {isa = PBXFileReference; lastKnownFileType = text.plist.xml; path = Info.plist; sourceTree = "<group>"; };
		DF9337AF1EF8A6D000FD4CCE /* RunloopTests.xctest */ = {isa = PBXFileReference; explicitFileType = wrapper.cfbundle; includeInIndex = 0; path = RunloopTests.xctest; sourceTree = BUILT_PRODUCTS_DIR; };
		DF9337B31EF8A6D000FD4CCE /* RunloopTests.m */ = {isa = PBXFileReference; lastKnownFileType = sourcecode.c.objc; path = RunloopTests.m; sourceTree = "<group>"; };
		DF9337B51EF8A6D000FD4CCE /* Info.plist */ = {isa = PBXFileReference; lastKnownFileType = text.plist.xml; path = Info.plist; sourceTree = "<group>"; };
		DF9337BA1EF8A6D000FD4CCE /* RunloopUITests.xctest */ = {isa = PBXFileReference; explicitFileType = wrapper.cfbundle; includeInIndex = 0; path = RunloopUITests.xctest; sourceTree = BUILT_PRODUCTS_DIR; };
		DF9337BE1EF8A6D000FD4CCE /* RunloopUITests.m */ = {isa = PBXFileReference; lastKnownFileType = sourcecode.c.objc; path = RunloopUITests.m; sourceTree = "<group>"; };
		DF9337C01EF8A6D000FD4CCE /* Info.plist */ = {isa = PBXFileReference; lastKnownFileType = text.plist.xml; path = Info.plist; sourceTree = "<group>"; };
/* End PBXFileReference section */

/* Begin PBXFrameworksBuildPhase section */
		DF9337901EF8A6D000FD4CCE /* Frameworks */ = {
			isa = PBXFrameworksBuildPhase;
			buildActionMask = 2147483647;
			files = (
			);
			runOnlyForDeploymentPostprocessing = 0;
		};
		DF9337AC1EF8A6D000FD4CCE /* Frameworks */ = {
			isa = PBXFrameworksBuildPhase;
			buildActionMask = 2147483647;
			files = (
			);
			runOnlyForDeploymentPostprocessing = 0;
		};
		DF9337B71EF8A6D000FD4CCE /* Frameworks */ = {
			isa = PBXFrameworksBuildPhase;
			buildActionMask = 2147483647;
			files = (
			);
			runOnlyForDeploymentPostprocessing = 0;
		};
/* End PBXFrameworksBuildPhase section */

/* Begin PBXGroup section */
		DF93378A1EF8A6D000FD4CCE = {
			isa = PBXGroup;
			children = (
				DF9337951EF8A6D000FD4CCE /* Runloop */,
				DF9337B21EF8A6D000FD4CCE /* RunloopTests */,
				DF9337BD1EF8A6D000FD4CCE /* RunloopUITests */,
				DF9337941EF8A6D000FD4CCE /* Products */,
			);
			sourceTree = "<group>";
		};
		DF9337941EF8A6D000FD4CCE /* Products */ = {
			isa = PBXGroup;
			children = (
				DF9337931EF8A6D000FD4CCE /* Runloop.app */,
				DF9337AF1EF8A6D000FD4CCE /* RunloopTests.xctest */,
				DF9337BA1EF8A6D000FD4CCE /* RunloopUITests.xctest */,
			);
			name = Products;
			sourceTree = "<group>";
		};
		DF9337951EF8A6D000FD4CCE /* Runloop */ = {
			isa = PBXGroup;
			children = (
				DF9337991EF8A6D000FD4CCE /* AppDelegate.h */,
				DF93379A1EF8A6D000FD4CCE /* AppDelegate.m */,
				DF93379C1EF8A6D000FD4CCE /* ViewController.h */,
				DF93379D1EF8A6D000FD4CCE /* ViewController.m */,
				DF93379F1EF8A6D000FD4CCE /* Main.storyboard */,
				DF9337A51EF8A6D000FD4CCE /* Assets.xcassets */,
				DF9337A71EF8A6D000FD4CCE /* LaunchScreen.storyboard */,
				DF9337AA1EF8A6D000FD4CCE /* Info.plist */,
				DF9337A21EF8A6D000FD4CCE /* Runloop.xcdatamodeld */,
				DF9337961EF8A6D000FD4CCE /* Supporting Files */,
			);
			path = Runloop;
			sourceTree = "<group>";
		};
		DF9337961EF8A6D000FD4CCE /* Supporting Files */ = {
			isa = PBXGroup;
			children = (
				DF9337971EF8A6D000FD4CCE /* main.m */,
			);
			name = "Supporting Files";
			sourceTree = "<group>";
		};
		DF9337B21EF8A6D000FD4CCE /* RunloopTests */ = {
			isa = PBXGroup;
			children = (
				DF9337B31EF8A6D000FD4CCE /* RunloopTests.m */,
				DF9337B51EF8A6D000FD4CCE /* Info.plist */,
			);
			path = RunloopTests;
			sourceTree = "<group>";
		};
		DF9337BD1EF8A6D000FD4CCE /* RunloopUITests */ = {
			isa = PBXGroup;
			children = (
				DF9337BE1EF8A6D000FD4CCE /* RunloopUITests.m */,
				DF9337C01EF8A6D000FD4CCE /* Info.plist */,
			);
			path = RunloopUITests;
			sourceTree = "<group>";
		};
/* End PBXGroup section */

/* Begin PBXNativeTarget section */
		DF9337921EF8A6D000FD4CCE /* Runloop */ = {
			isa = PBXNativeTarget;
			buildConfigurationList = DF9337C31EF8A6D000FD4CCE /* Build configuration list for PBXNativeTarget "Runloop" */;
			buildPhases = (
				DF93378F1EF8A6D000FD4CCE /* Sources */,
				DF9337901EF8A6D000FD4CCE /* Frameworks */,
				DF9337911EF8A6D000FD4CCE /* Resources */,
			);
			buildRules = (
			);
			dependencies = (
			);
			name = Runloop;
			productName = Runloop;
			productReference = DF9337931EF8A6D000FD4CCE /* Runloop.app */;
			productType = "com.apple.product-type.application";
		};
		DF9337AE1EF8A6D000FD4CCE /* RunloopTests */ = {
			isa = PBXNativeTarget;
			buildConfigurationList = DF9337C61EF8A6D000FD4CCE /* Build configuration list for PBXNativeTarget "RunloopTests" */;
			buildPhases = (
				DF9337AB1EF8A6D000FD4CCE /* Sources */,
				DF9337AC1EF8A6D000FD4CCE /* Frameworks */,
				DF9337AD1EF8A6D000FD4CCE /* Resources */,
			);
			buildRules = (
			);
			dependencies = (
				DF9337B11EF8A6D000FD4CCE /* PBXTargetDependency */,
			);
			name = RunloopTests;
			productName = RunloopTests;
			productReference = DF9337AF1EF8A6D000FD4CCE /* RunloopTests.xctest */;
			productType = "com.apple.product-type.bundle.unit-test";
		};
		DF9337B91EF8A6D000FD4CCE /* RunloopUITests */ = {
			isa = PBXNativeTarget;
			buildConfigurationList = DF9337C91EF8A6D000FD4CCE /* Build configuration list for PBXNativeTarget "RunloopUITests" */;
			buildPhases = (
				DF9337B61EF8A6D000FD4CCE /* Sources */,
				DF9337B71EF8A6D000FD4CCE /* Frameworks */,
				DF9337B81EF8A6D000FD4CCE /* Resources */,
			);
			buildRules = (
			);
			dependencies = (
				DF9337BC1EF8A6D000FD4CCE /* PBXTargetDependency */,
			);
			name = RunloopUITests;
			productName = RunloopUITests;
			productReference = DF9337BA1EF8A6D000FD4CCE /* RunloopUITests.xctest */;
			productType = "com.apple.product-type.bundle.ui-testing";
		};
/* End PBXNativeTarget section */

/* Begin PBXProject section */
		DF93378B1EF8A6D000FD4CCE /* Project object */ = {
			isa = PBXProject;
			attributes = {
				LastUpgradeCheck = 0830;
				ORGANIZATIONNAME = cuzZLYues;
				TargetAttributes = {
					DF9337921EF8A6D000FD4CCE = {
						CreatedOnToolsVersion = 8.3.3;
						DevelopmentTeam = 59H3PM6A58;
						ProvisioningStyle = Automatic;
					};
					DF9337AE1EF8A6D000FD4CCE = {
						CreatedOnToolsVersion = 8.3.3;
						DevelopmentTeam = 59H3PM6A58;
						ProvisioningStyle = Automatic;
						TestTargetID = DF9337921EF8A6D000FD4CCE;
					};
					DF9337B91EF8A6D000FD4CCE = {
						CreatedOnToolsVersion = 8.3.3;
						DevelopmentTeam = 59H3PM6A58;
						ProvisioningStyle = Automatic;
						TestTargetID = DF9337921EF8A6D000FD4CCE;
					};
				};
			};
			buildConfigurationList = DF93378E1EF8A6D000FD4CCE /* Build configuration list for PBXProject "Runloop" */;
			compatibilityVersion = "Xcode 3.2";
			developmentRegion = English;
			hasScannedForEncodings = 0;
			knownRegions = (
				en,
				Base,
			);
			mainGroup = DF93378A1EF8A6D000FD4CCE;
			productRefGroup = DF9337941EF8A6D000FD4CCE /* Products */;
			projectDirPath = "";
			projectRoot = "";
			targets = (
				DF9337921EF8A6D000FD4CCE /* Runloop */,
				DF9337AE1EF8A6D000FD4CCE /* RunloopTests */,
				DF9337B91EF8A6D000FD4CCE /* RunloopUITests */,
			);
		};
/* End PBXProject section */

/* Begin PBXResourcesBuildPhase section */
		DF9337911EF8A6D000FD4CCE /* Resources */ = {
			isa = PBXResourcesBuildPhase;
			buildActionMask = 2147483647;
			files = (
				DF9337A91EF8A6D000FD4CCE /* LaunchScreen.storyboard in Resources */,
				DF9337A61EF8A6D000FD4CCE /* Assets.xcassets in Resources */,
				DF9337A11EF8A6D000FD4CCE /* Main.storyboard in Resources */,
			);
			runOnlyForDeploymentPostprocessing = 0;
		};
		DF9337AD1EF8A6D000FD4CCE /* Resources */ = {
			isa = PBXResourcesBuildPhase;
			buildActionMask = 2147483647;
			files = (
			);
			runOnlyForDeploymentPostprocessing = 0;
		};
		DF9337B81EF8A6D000FD4CCE /* Resources */ = {
			isa = PBXResourcesBuildPhase;
			buildActionMask = 2147483647;
			files = (
			);
			runOnlyForDeploymentPostprocessing = 0;
		};
/* End PBXResourcesBuildPhase section */

/* Begin PBXSourcesBuildPhase section */
		DF93378F1EF8A6D000FD4CCE /* Sources */ = {
			isa = PBXSourcesBuildPhase;
			buildActionMask = 2147483647;
			files = (
				DF93379E1EF8A6D000FD4CCE /* ViewController.m in Sources */,
				DF93379B1EF8A6D000FD4CCE /* AppDelegate.m in Sources */,
				DF9337981EF8A6D000FD4CCE /* main.m in Sources */,
				DF9337A41EF8A6D000FD4CCE /* Runloop.xcdatamodeld in Sources */,
			);
			runOnlyForDeploymentPostprocessing = 0;
		};
		DF9337AB1EF8A6D000FD4CCE /* Sources */ = {
			isa = PBXSourcesBuildPhase;
			buildActionMask = 2147483647;
			files = (
				DF9337B41EF8A6D000FD4CCE /* RunloopTests.m in Sources */,
			);
			runOnlyForDeploymentPostprocessing = 0;
		};
		DF9337B61EF8A6D000FD4CCE /* Sources */ = {
			isa = PBXSourcesBuildPhase;
			buildActionMask = 2147483647;
			files = (
				DF9337BF1EF8A6D000FD4CCE /* RunloopUITests.m in Sources */,
			);
			runOnlyForDeploymentPostprocessing = 0;
		};
/* End PBXSourcesBuildPhase section */

/* Begin PBXTargetDependency section */
		DF9337B11EF8A6D000FD4CCE /* PBXTargetDependency */ = {
			isa = PBXTargetDependency;
			target = DF9337921EF8A6D000FD4CCE /* Runloop */;
			targetProxy = DF9337B01EF8A6D000FD4CCE /* PBXContainerItemProxy */;
		};
		DF9337BC1EF8A6D000FD4CCE /* PBXTargetDependency */ = {
			isa = PBXTargetDependency;
			target = DF9337921EF8A6D000FD4CCE /* Runloop */;
			targetProxy = DF9337BB1EF8A6D000FD4CCE /* PBXContainerItemProxy */;
		};
/* End PBXTargetDependency section */

/* Begin PBXVariantGroup section */
		DF93379F1EF8A6D000FD4CCE /* Main.storyboard */ = {
			isa = PBXVariantGroup;
			children = (
				DF9337A01EF8A6D000FD4CCE /* Base */,
			);
			name = Main.storyboard;
			sourceTree = "<group>";
		};
		DF9337A71EF8A6D000FD4CCE /* LaunchScreen.storyboard */ = {
			isa = PBXVariantGroup;
			children = (
				DF9337A81EF8A6D000FD4CCE /* Base */,
			);
			name = LaunchScreen.storyboard;
			sourceTree = "<group>";
		};
/* End PBXVariantGroup section */

/* Begin XCBuildConfiguration section */
		DF9337C11EF8A6D000FD4CCE /* Debug */ = {
			isa = XCBuildConfiguration;
			buildSettings = {
				ALWAYS_SEARCH_USER_PATHS = NO;
				CLANG_ANALYZER_NONNULL = YES;
				CLANG_ANALYZER_NUMBER_OBJECT_CONVERSION = YES_AGGRESSIVE;
				CLANG_CXX_LANGUAGE_STANDARD = "gnu++0x";
				CLANG_CXX_LIBRARY = "libc++";
				CLANG_ENABLE_MODULES = YES;
				CLANG_ENABLE_OBJC_ARC = YES;
				CLANG_WARN_BOOL_CONVERSION = YES;
				CLANG_WARN_CONSTANT_CONVERSION = YES;
				CLANG_WARN_DIRECT_OBJC_ISA_USAGE = YES_ERROR;
				CLANG_WARN_DOCUMENTATION_COMMENTS = YES;
				CLANG_WARN_EMPTY_BODY = YES;
				CLANG_WARN_ENUM_CONVERSION = YES;
				CLANG_WARN_INFINITE_RECURSION = YES;
				CLANG_WARN_INT_CONVERSION = YES;
				CLANG_WARN_OBJC_ROOT_CLASS = YES_ERROR;
				CLANG_WARN_SUSPICIOUS_MOVE = YES;
				CLANG_WARN_UNREACHABLE_CODE = YES;
				CLANG_WARN__DUPLICATE_METHOD_MATCH = YES;
				"CODE_SIGN_IDENTITY[sdk=iphoneos*]" = "iPhone Developer";
				COPY_PHASE_STRIP = NO;
				DEBUG_INFORMATION_FORMAT = dwarf;
				ENABLE_STRICT_OBJC_MSGSEND = YES;
				ENABLE_TESTABILITY = YES;
				GCC_C_LANGUAGE_STANDARD = gnu99;
				GCC_DYNAMIC_NO_PIC = NO;
				GCC_NO_COMMON_BLOCKS = YES;
				GCC_OPTIMIZATION_LEVEL = 0;
				GCC_PREPROCESSOR_DEFINITIONS = (
					"DEBUG=1",
					"$(inherited)",
				);
				GCC_WARN_64_TO_32_BIT_CONVERSION = YES;
				GCC_WARN_ABOUT_RETURN_TYPE = YES_ERROR;
				GCC_WARN_UNDECLARED_SELECTOR = YES;
				GCC_WARN_UNINITIALIZED_AUTOS = YES_AGGRESSIVE;
				GCC_WARN_UNUSED_FUNCTION = YES;
				GCC_WARN_UNUSED_VARIABLE = YES;
				IPHONEOS_DEPLOYMENT_TARGET = 10.3;
				MTL_ENABLE_DEBUG_INFO = YES;
				ONLY_ACTIVE_ARCH = YES;
				SDKROOT = iphoneos;
				TARGETED_DEVICE_FAMILY = "1,2";
			};
			name = Debug;
		};
		DF9337C21EF8A6D000FD4CCE /* Release */ = {
			isa = XCBuildConfiguration;
			buildSettings = {
				ALWAYS_SEARCH_USER_PATHS = NO;
				CLANG_ANALYZER_NONNULL = YES;
				CLANG_ANALYZER_NUMBER_OBJECT_CONVERSION = YES_AGGRESSIVE;
				CLANG_CXX_LANGUAGE_STANDARD = "gnu++0x";
				CLANG_CXX_LIBRARY = "libc++";
				CLANG_ENABLE_MODULES = YES;
				CLANG_ENABLE_OBJC_ARC = YES;
				CLANG_WARN_BOOL_CONVERSION = YES;
				CLANG_WARN_CONSTANT_CONVERSION = YES;
				CLANG_WARN_DIRECT_OBJC_ISA_USAGE = YES_ERROR;
				CLANG_WARN_DOCUMENTATION_COMMENTS = YES;
				CLANG_WARN_EMPTY_BODY = YES;
				CLANG_WARN_ENUM_CONVERSION = YES;
				CLANG_WARN_INFINITE_RECURSION = YES;
				CLANG_WARN_INT_CONVERSION = YES;
				CLANG_WARN_OBJC_ROOT_CLASS = YES_ERROR;
				CLANG_WARN_SUSPICIOUS_MOVE = YES;
				CLANG_WARN_UNREACHABLE_CODE = YES;
				CLANG_WARN__DUPLICATE_METHOD_MATCH = YES;
				"CODE_SIGN_IDENTITY[sdk=iphoneos*]" = "iPhone Developer";
				COPY_PHASE_STRIP = NO;
				DEBUG_INFORMATION_FORMAT = "dwarf-with-dsym";
				ENABLE_NS_ASSERTIONS = NO;
				ENABLE_STRICT_OBJC_MSGSEND = YES;
				GCC_C_LANGUAGE_STANDARD = gnu99;
				GCC_NO_COMMON_BLOCKS = YES;
				GCC_WARN_64_TO_32_BIT_CONVERSION = YES;
				GCC_WARN_ABOUT_RETURN_TYPE = YES_ERROR;
				GCC_WARN_UNDECLARED_SELECTOR = YES;
				GCC_WARN_UNINITIALIZED_AUTOS = YES_AGGRESSIVE;
				GCC_WARN_UNUSED_FUNCTION = YES;
				GCC_WARN_UNUSED_VARIABLE = YES;
				IPHONEOS_DEPLOYMENT_TARGET = 10.3;
				MTL_ENABLE_DEBUG_INFO = NO;
				SDKROOT = iphoneos;
				TARGETED_DEVICE_FAMILY = "1,2";
				VALIDATE_PRODUCT = YES;
			};
			name = Release;
		};
		DF9337C41EF8A6D000FD4CCE /* Debug */ = {
			isa = XCBuildConfiguration;
			buildSettings = {
				ASSETCATALOG_COMPILER_APPICON_NAME = AppIcon;
				DEVELOPMENT_TEAM = 59H3PM6A58;
				INFOPLIST_FILE = Runloop/Info.plist;
				LD_RUNPATH_SEARCH_PATHS = "$(inherited) @executable_path/Frameworks";
				PRODUCT_BUNDLE_IDENTIFIER = cuzZLYues.Runloop;
				PRODUCT_NAME = "$(TARGET_NAME)";
			};
			name = Debug;
		};
		DF9337C51EF8A6D000FD4CCE /* Release */ = {
			isa = XCBuildConfiguration;
			buildSettings = {
				ASSETCATALOG_COMPILER_APPICON_NAME = AppIcon;
				DEVELOPMENT_TEAM = 59H3PM6A58;
				INFOPLIST_FILE = Runloop/Info.plist;
				LD_RUNPATH_SEARCH_PATHS = "$(inherited) @executable_path/Frameworks";
				PRODUCT_BUNDLE_IDENTIFIER = cuzZLYues.Runloop;
				PRODUCT_NAME = "$(TARGET_NAME)";
			};
			name = Release;
		};
		DF9337C71EF8A6D000FD4CCE /* Debug */ = {
			isa = XCBuildConfiguration;
			buildSettings = {
				BUNDLE_LOADER = "$(TEST_HOST)";
				DEVELOPMENT_TEAM = 59H3PM6A58;
				INFOPLIST_FILE = RunloopTests/Info.plist;
				LD_RUNPATH_SEARCH_PATHS = "$(inherited) @executable_path/Frameworks @loader_path/Frameworks";
				PRODUCT_BUNDLE_IDENTIFIER = cuzZLYues.RunloopTests;
				PRODUCT_NAME = "$(TARGET_NAME)";
				TEST_HOST = "$(BUILT_PRODUCTS_DIR)/Runloop.app/Runloop";
			};
			name = Debug;
		};
		DF9337C81EF8A6D000FD4CCE /* Release */ = {
			isa = XCBuildConfiguration;
			buildSettings = {
				BUNDLE_LOADER = "$(TEST_HOST)";
				DEVELOPMENT_TEAM = 59H3PM6A58;
				INFOPLIST_FILE = RunloopTests/Info.plist;
				LD_RUNPATH_SEARCH_PATHS = "$(inherited) @executable_path/Frameworks @loader_path/Frameworks";
				PRODUCT_BUNDLE_IDENTIFIER = cuzZLYues.RunloopTests;
				PRODUCT_NAME = "$(TARGET_NAME)";
				TEST_HOST = "$(BUILT_PRODUCTS_DIR)/Runloop.app/Runloop";
			};
			name = Release;
		};
		DF9337CA1EF8A6D000FD4CCE /* Debug */ = {
			isa = XCBuildConfiguration;
			buildSettings = {
				DEVELOPMENT_TEAM = 59H3PM6A58;
				INFOPLIST_FILE = RunloopUITests/Info.plist;
				LD_RUNPATH_SEARCH_PATHS = "$(inherited) @executable_path/Frameworks @loader_path/Frameworks";
				PRODUCT_BUNDLE_IDENTIFIER = cuzZLYues.RunloopUITests;
				PRODUCT_NAME = "$(TARGET_NAME)";
				TEST_TARGET_NAME = Runloop;
			};
			name = Debug;
		};
		DF9337CB1EF8A6D000FD4CCE /* Release */ = {
			isa = XCBuildConfiguration;
			buildSettings = {
				DEVELOPMENT_TEAM = 59H3PM6A58;
				INFOPLIST_FILE = RunloopUITests/Info.plist;
				LD_RUNPATH_SEARCH_PATHS = "$(inherited) @executable_path/Frameworks @loader_path/Frameworks";
				PRODUCT_BUNDLE_IDENTIFIER = cuzZLYues.RunloopUITests;
				PRODUCT_NAME = "$(TARGET_NAME)";
				TEST_TARGET_NAME = Runloop;
			};
			name = Release;
		};
/* End XCBuildConfiguration section */

/* Begin XCConfigurationList section */
		DF93378E1EF8A6D000FD4CCE /* Build configuration list for PBXProject "Runloop" */ = {
			isa = XCConfigurationList;
			buildConfigurations = (
				DF9337C11EF8A6D000FD4CCE /* Debug */,
				DF9337C21EF8A6D000FD4CCE /* Release */,
			);
			defaultConfigurationIsVisible = 0;
			defaultConfigurationName = Release;
		};
		DF9337C31EF8A6D000FD4CCE /* Build configuration list for PBXNativeTarget "Runloop" */ = {
			isa = XCConfigurationList;
			buildConfigurations = (
				DF9337C41EF8A6D000FD4CCE /* Debug */,
				DF9337C51EF8A6D000FD4CCE /* Release */,
			);
			defaultConfigurationIsVisible = 0;
		};
		DF9337C61EF8A6D000FD4CCE /* Build configuration list for PBXNativeTarget "RunloopTests" */ = {
			isa = XCConfigurationList;
			buildConfigurations = (
				DF9337C71EF8A6D000FD4CCE /* Debug */,
				DF9337C81EF8A6D000FD4CCE /* Release */,
			);
			defaultConfigurationIsVisible = 0;
		};
		DF9337C91EF8A6D000FD4CCE /* Build configuration list for PBXNativeTarget "RunloopUITests" */ = {
			isa = XCConfigurationList;
			buildConfigurations = (
				DF9337CA1EF8A6D000FD4CCE /* Debug */,
				DF9337CB1EF8A6D000FD4CCE /* Release */,
			);
			defaultConfigurationIsVisible = 0;
		};
/* End XCConfigurationList section */

/* Begin XCVersionGroup section */
		DF9337A21EF8A6D000FD4CCE /* Runloop.xcdatamodeld */ = {
			isa = XCVersionGroup;
			children = (
				DF9337A31EF8A6D000FD4CCE /* Runloop.xcdatamodel */,
			);
			currentVersion = DF9337A31EF8A6D000FD4CCE /* Runloop.xcdatamodel */;
			path = Runloop.xcdatamodeld;
			sourceTree = "<group>";
			versionGroupType = wrapper.xcdatamodel;
		};
/* End XCVersionGroup section */
	};
	rootObject = DF93378B1EF8A6D000FD4CCE /* Project object */;
}
